// !$*UTF8*$!
{
	archiveVersion = 1;
	classes = {
	};
	objectVersion = 50;
	objects = {

/* Begin PBXBuildFile section */
		EDEC8DCBB26E5ACB236BD2A9 /* Pods_SwiftUIKitExample.framework in Frameworks */ = {isa = PBXBuildFile; fileRef = 843298C09A2757FCAE0AA042 /* Pods_SwiftUIKitExample.framework */; };
		FB8AC64E25878433009EA3DF /* AppDelegate.swift in Sources */ = {isa = PBXBuildFile; fileRef = FB8AC64D25878433009EA3DF /* AppDelegate.swift */; };
		FB8AC65025878433009EA3DF /* SceneDelegate.swift in Sources */ = {isa = PBXBuildFile; fileRef = FB8AC64F25878433009EA3DF /* SceneDelegate.swift */; };
		FB8AC65225878433009EA3DF /* ViewController.swift in Sources */ = {isa = PBXBuildFile; fileRef = FB8AC65125878433009EA3DF /* ViewController.swift */; };
		FB8AC65525878433009EA3DF /* Main.storyboard in Resources */ = {isa = PBXBuildFile; fileRef = FB8AC65325878433009EA3DF /* Main.storyboard */; };
		FB8AC65725878433009EA3DF /* Assets.xcassets in Resources */ = {isa = PBXBuildFile; fileRef = FB8AC65625878433009EA3DF /* Assets.xcassets */; };
		FB8AC65A25878433009EA3DF /* LaunchScreen.storyboard in Resources */ = {isa = PBXBuildFile; fileRef = FB8AC65825878433009EA3DF /* LaunchScreen.storyboard */; };
/* End PBXBuildFile section */

/* Begin PBXFileReference section */
		537F4BFC57A2FE5E483C1D71 /* Pods-SwiftUIKitExample.debug.xcconfig */ = {isa = PBXFileReference; includeInIndex = 1; lastKnownFileType = text.xcconfig; name = "Pods-SwiftUIKitExample.debug.xcconfig"; path = "Target Support Files/Pods-SwiftUIKitExample/Pods-SwiftUIKitExample.debug.xcconfig"; sourceTree = "<group>"; };
		6ED9A681B08C4BCD57D86F6B /* Pods-SwiftUIKitExample.release.xcconfig */ = {isa = PBXFileReference; includeInIndex = 1; lastKnownFileType = text.xcconfig; name = "Pods-SwiftUIKitExample.release.xcconfig"; path = "Target Support Files/Pods-SwiftUIKitExample/Pods-SwiftUIKitExample.release.xcconfig"; sourceTree = "<group>"; };
		843298C09A2757FCAE0AA042 /* Pods_SwiftUIKitExample.framework */ = {isa = PBXFileReference; explicitFileType = wrapper.framework; includeInIndex = 0; path = Pods_SwiftUIKitExample.framework; sourceTree = BUILT_PRODUCTS_DIR; };
		FB8AC64A25878433009EA3DF /* SwiftUIKitExample.app */ = {isa = PBXFileReference; explicitFileType = wrapper.application; includeInIndex = 0; path = SwiftUIKitExample.app; sourceTree = BUILT_PRODUCTS_DIR; };
		FB8AC64D25878433009EA3DF /* AppDelegate.swift */ = {isa = PBXFileReference; lastKnownFileType = sourcecode.swift; path = AppDelegate.swift; sourceTree = "<group>"; };
		FB8AC64F25878433009EA3DF /* SceneDelegate.swift */ = {isa = PBXFileReference; lastKnownFileType = sourcecode.swift; path = SceneDelegate.swift; sourceTree = "<group>"; };
		FB8AC65125878433009EA3DF /* ViewController.swift */ = {isa = PBXFileReference; lastKnownFileType = sourcecode.swift; path = ViewController.swift; sourceTree = "<group>"; };
		FB8AC65425878433009EA3DF /* Base */ = {isa = PBXFileReference; lastKnownFileType = file.storyboard; name = Base; path = Base.lproj/Main.storyboard; sourceTree = "<group>"; };
		FB8AC65625878433009EA3DF /* Assets.xcassets */ = {isa = PBXFileReference; lastKnownFileType = folder.assetcatalog; path = Assets.xcassets; sourceTree = "<group>"; };
		FB8AC65925878433009EA3DF /* Base */ = {isa = PBXFileReference; lastKnownFileType = file.storyboard; name = Base; path = Base.lproj/LaunchScreen.storyboard; sourceTree = "<group>"; };
		FB8AC65B25878433009EA3DF /* Info.plist */ = {isa = PBXFileReference; lastKnownFileType = text.plist.xml; path = Info.plist; sourceTree = "<group>"; };
/* End PBXFileReference section */

/* Begin PBXFrameworksBuildPhase section */
		FB8AC64725878433009EA3DF /* Frameworks */ = {
			isa = PBXFrameworksBuildPhase;
			buildActionMask = 2147483647;
			files = (
				EDEC8DCBB26E5ACB236BD2A9 /* Pods_SwiftUIKitExample.framework in Frameworks */,
			);
			runOnlyForDeploymentPostprocessing = 0;
		};
/* End PBXFrameworksBuildPhase section */

/* Begin PBXGroup section */
		22299F84AFCFDCD731A97390 /* Pods */ = {
			isa = PBXGroup;
			children = (
				537F4BFC57A2FE5E483C1D71 /* Pods-SwiftUIKitExample.debug.xcconfig */,
				6ED9A681B08C4BCD57D86F6B /* Pods-SwiftUIKitExample.release.xcconfig */,
			);
			name = Pods;
			path = Pods;
			sourceTree = "<group>";
		};
		34C3C58B0E11346887C7752F /* Frameworks */ = {
			isa = PBXGroup;
			children = (
				843298C09A2757FCAE0AA042 /* Pods_SwiftUIKitExample.framework */,
			);
			name = Frameworks;
			sourceTree = "<group>";
		};
		FB8AC64125878433009EA3DF = {
			isa = PBXGroup;
			children = (
				FB8AC64C25878433009EA3DF /* SwiftUIKitExample */,
				FB8AC64B25878433009EA3DF /* Products */,
				22299F84AFCFDCD731A97390 /* Pods */,
				34C3C58B0E11346887C7752F /* Frameworks */,
			);
			sourceTree = "<group>";
		};
		FB8AC64B25878433009EA3DF /* Products */ = {
			isa = PBXGroup;
			children = (
				FB8AC64A25878433009EA3DF /* SwiftUIKitExample.app */,
			);
			name = Products;
			sourceTree = "<group>";
		};
		FB8AC64C25878433009EA3DF /* SwiftUIKitExample */ = {
			isa = PBXGroup;
			children = (
				FB8AC64D25878433009EA3DF /* AppDelegate.swift */,
				FB8AC64F25878433009EA3DF /* SceneDelegate.swift */,
				FB8AC65125878433009EA3DF /* ViewController.swift */,
				FB8AC65325878433009EA3DF /* Main.storyboard */,
				FB8AC65625878433009EA3DF /* Assets.xcassets */,
				FB8AC65825878433009EA3DF /* LaunchScreen.storyboard */,
				FB8AC65B25878433009EA3DF /* Info.plist */,
			);
			path = SwiftUIKitExample;
			sourceTree = "<group>";
		};
/* End PBXGroup section */

/* Begin PBXNativeTarget section */
		FB8AC64925878433009EA3DF /* SwiftUIKitExample */ = {
			isa = PBXNativeTarget;
			buildConfigurationList = FB8AC65E25878433009EA3DF /* Build configuration list for PBXNativeTarget "SwiftUIKitExample" */;
			buildPhases = (
				94E59C9DA27FA5C2D40378DF /* [CP] Check Pods Manifest.lock */,
				FB8AC64625878433009EA3DF /* Sources */,
				FB8AC64725878433009EA3DF /* Frameworks */,
				FB8AC64825878433009EA3DF /* Resources */,
				EDA4DC5A87D42AEC9E2835B5 /* [CP] Embed Pods Frameworks */,
			);
			buildRules = (
			);
			dependencies = (
			);
			name = SwiftUIKitExample;
			productName = SwiftUIKitExample;
			productReference = FB8AC64A25878433009EA3DF /* SwiftUIKitExample.app */;
			productType = "com.apple.product-type.application";
		};
/* End PBXNativeTarget section */

/* Begin PBXProject section */
		FB8AC64225878433009EA3DF /* Project object */ = {
			isa = PBXProject;
			attributes = {
				LastSwiftUpdateCheck = 1220;
				LastUpgradeCheck = 1220;
				TargetAttributes = {
					FB8AC64925878433009EA3DF = {
						CreatedOnToolsVersion = 12.2;
					};
				};
			};
			buildConfigurationList = FB8AC64525878433009EA3DF /* Build configuration list for PBXProject "SwiftUIKitExample" */;
			compatibilityVersion = "Xcode 9.3";
			developmentRegion = en;
			hasScannedForEncodings = 0;
			knownRegions = (
				en,
				Base,
			);
			mainGroup = FB8AC64125878433009EA3DF;
			productRefGroup = FB8AC64B25878433009EA3DF /* Products */;
			projectDirPath = "";
			projectRoot = "";
			targets = (
				FB8AC64925878433009EA3DF /* SwiftUIKitExample */,
			);
		};
/* End PBXProject section */

/* Begin PBXResourcesBuildPhase section */
		FB8AC64825878433009EA3DF /* Resources */ = {
			isa = PBXResourcesBuildPhase;
			buildActionMask = 2147483647;
			files = (
				FB8AC65A25878433009EA3DF /* LaunchScreen.storyboard in Resources */,
				FB8AC65725878433009EA3DF /* Assets.xcassets in Resources */,
				FB8AC65525878433009EA3DF /* Main.storyboard in Resources */,
			);
			runOnlyForDeploymentPostprocessing = 0;
		};
/* End PBXResourcesBuildPhase section */

/* Begin PBXShellScriptBuildPhase section */
		94E59C9DA27FA5C2D40378DF /* [CP] Check Pods Manifest.lock */ = {
			isa = PBXShellScriptBuildPhase;
			buildActionMask = 2147483647;
			files = (
			);
			inputFileListPaths = (
			);
			inputPaths = (
				"${PODS_PODFILE_DIR_PATH}/Podfile.lock",
				"${PODS_ROOT}/Manifest.lock",
			);
			name = "[CP] Check Pods Manifest.lock";
			outputFileListPaths = (
			);
			outputPaths = (
				"$(DERIVED_FILE_DIR)/Pods-SwiftUIKitExample-checkManifestLockResult.txt",
			);
			runOnlyForDeploymentPostprocessing = 0;
			shellPath = /bin/sh;
			shellScript = "diff \"${PODS_PODFILE_DIR_PATH}/Podfile.lock\" \"${PODS_ROOT}/Manifest.lock\" > /dev/null\nif [ $? != 0 ] ; then\n    # print error to STDERR\n    echo \"error: The sandbox is not in sync with the Podfile.lock. Run 'pod install' or update your CocoaPods installation.\" >&2\n    exit 1\nfi\n# This output is used by Xcode 'outputs' to avoid re-running this script phase.\necho \"SUCCESS\" > \"${SCRIPT_OUTPUT_FILE_0}\"\n";
			showEnvVarsInLog = 0;
		};
		EDA4DC5A87D42AEC9E2835B5 /* [CP] Embed Pods Frameworks */ = {
			isa = PBXShellScriptBuildPhase;
			buildActionMask = 2147483647;
			files = (
			);
			inputFileListPaths = (
				"${PODS_ROOT}/Target Support Files/Pods-SwiftUIKitExample/Pods-SwiftUIKitExample-frameworks-${CONFIGURATION}-input-files.xcfilelist",
			);
			name = "[CP] Embed Pods Frameworks";
			outputFileListPaths = (
				"${PODS_ROOT}/Target Support Files/Pods-SwiftUIKitExample/Pods-SwiftUIKitExample-frameworks-${CONFIGURATION}-output-files.xcfilelist",
			);
			runOnlyForDeploymentPostprocessing = 0;
			shellPath = /bin/sh;
			shellScript = "\"${PODS_ROOT}/Target Support Files/Pods-SwiftUIKitExample/Pods-SwiftUIKitExample-frameworks.sh\"\n";
			showEnvVarsInLog = 0;
		};
/* End PBXShellScriptBuildPhase section */

/* Begin PBXSourcesBuildPhase section */
		FB8AC64625878433009EA3DF /* Sources */ = {
			isa = PBXSourcesBuildPhase;
			buildActionMask = 2147483647;
			files = (
				FB8AC65225878433009EA3DF /* ViewController.swift in Sources */,
				FB8AC64E25878433009EA3DF /* AppDelegate.swift in Sources */,
				FB8AC65025878433009EA3DF /* SceneDelegate.swift in Sources */,
			);
			runOnlyForDeploymentPostprocessing = 0;
		};
/* End PBXSourcesBuildPhase section */

/* Begin PBXVariantGroup section */
		FB8AC65325878433009EA3DF /* Main.storyboard */ = {
			isa = PBXVariantGroup;
			children = (
				FB8AC65425878433009EA3DF /* Base */,
			);
			name = Main.storyboard;
			sourceTree = "<group>";
		};
		FB8AC65825878433009EA3DF /* LaunchScreen.storyboard */ = {
			isa = PBXVariantGroup;
			children = (
				FB8AC65925878433009EA3DF /* Base */,
			);
			name = LaunchScreen.storyboard;
			sourceTree = "<group>";
		};
/* End PBXVariantGroup section */

/* Begin XCBuildConfiguration section */
		FB8AC65C25878433009EA3DF /* Debug */ = {
			isa = XCBuildConfiguration;
			buildSettings = {
				ALWAYS_SEARCH_USER_PATHS = NO;
				CLANG_ANALYZER_NONNULL = YES;
				CLANG_ANALYZER_NUMBER_OBJECT_CONVERSION = YES_AGGRESSIVE;
				CLANG_CXX_LANGUAGE_STANDARD = "gnu++14";
				CLANG_CXX_LIBRARY = "libc++";
				CLANG_ENABLE_MODULES = YES;
				CLANG_ENABLE_OBJC_ARC = YES;
				CLANG_ENABLE_OBJC_WEAK = YES;
				CLANG_WARN_BLOCK_CAPTURE_AUTORELEASING = YES;
				CLANG_WARN_BOOL_CONVERSION = YES;
				CLANG_WARN_COMMA = YES;
				CLANG_WARN_CONSTANT_CONVERSION = YES;
				CLANG_WARN_DEPRECATED_OBJC_IMPLEMENTATIONS = YES;
				CLANG_WARN_DIRECT_OBJC_ISA_USAGE = YES_ERROR;
				CLANG_WARN_DOCUMENTATION_COMMENTS = YES;
				CLANG_WARN_EMPTY_BODY = YES;
				CLANG_WARN_ENUM_CONVERSION = YES;
				CLANG_WARN_INFINITE_RECURSION = YES;
				CLANG_WARN_INT_CONVERSION = YES;
				CLANG_WARN_NON_LITERAL_NULL_CONVERSION = YES;
				CLANG_WARN_OBJC_IMPLICIT_RETAIN_SELF = YES;
				CLANG_WARN_OBJC_LITERAL_CONVERSION = YES;
				CLANG_WARN_OBJC_ROOT_CLASS = YES_ERROR;
				CLANG_WARN_QUOTED_INCLUDE_IN_FRAMEWORK_HEADER = YES;
				CLANG_WARN_RANGE_LOOP_ANALYSIS = YES;
				CLANG_WARN_STRICT_PROTOTYPES = YES;
				CLANG_WARN_SUSPICIOUS_MOVE = YES;
				CLANG_WARN_UNGUARDED_AVAILABILITY = YES_AGGRESSIVE;
				CLANG_WARN_UNREACHABLE_CODE = YES;
				CLANG_WARN__DUPLICATE_METHOD_MATCH = YES;
				COPY_PHASE_STRIP = NO;
				DEBUG_INFORMATION_FORMAT = dwarf;
				ENABLE_STRICT_OBJC_MSGSEND = YES;
				ENABLE_TESTABILITY = YES;
				GCC_C_LANGUAGE_STANDARD = gnu11;
				GCC_DYNAMIC_NO_PIC = NO;
				GCC_NO_COMMON_BLOCKS = YES;
				GCC_OPTIMIZATION_LEVEL = 0;
				GCC_PREPROCESSOR_DEFINITIONS = (
					"DEBUG=1",
					"$(inherited)",
				);
				GCC_WARN_64_TO_32_BIT_CONVERSION = YES;
				GCC_WARN_ABOUT_RETURN_TYPE = YES_ERROR;
				GCC_WARN_UNDECLARED_SELECTOR = YES;
				GCC_WARN_UNINITIALIZED_AUTOS = YES_AGGRESSIVE;
				GCC_WARN_UNUSED_FUNCTION = YES;
				GCC_WARN_UNUSED_VARIABLE = YES;
				IPHONEOS_DEPLOYMENT_TARGET = 14.2;
				MTL_ENABLE_DEBUG_INFO = INCLUDE_SOURCE;
				MTL_FAST_MATH = YES;
				ONLY_ACTIVE_ARCH = YES;
				SDKROOT = iphoneos;
				SWIFT_ACTIVE_COMPILATION_CONDITIONS = DEBUG;
				SWIFT_OPTIMIZATION_LEVEL = "-Onone";
			};
			name = Debug;
		};
		FB8AC65D25878433009EA3DF /* Release */ = {
			isa = XCBuildConfiguration;
			buildSettings = {
				ALWAYS_SEARCH_USER_PATHS = NO;
				CLANG_ANALYZER_NONNULL = YES;
				CLANG_ANALYZER_NUMBER_OBJECT_CONVERSION = YES_AGGRESSIVE;
				CLANG_CXX_LANGUAGE_STANDARD = "gnu++14";
				CLANG_CXX_LIBRARY = "libc++";
				CLANG_ENABLE_MODULES = YES;
				CLANG_ENABLE_OBJC_ARC = YES;
				CLANG_ENABLE_OBJC_WEAK = YES;
				CLANG_WARN_BLOCK_CAPTURE_AUTORELEASING = YES;
				CLANG_WARN_BOOL_CONVERSION = YES;
				CLANG_WARN_COMMA = YES;
				CLANG_WARN_CONSTANT_CONVERSION = YES;
				CLANG_WARN_DEPRECATED_OBJC_IMPLEMENTATIONS = YES;
				CLANG_WARN_DIRECT_OBJC_ISA_USAGE = YES_ERROR;
				CLANG_WARN_DOCUMENTATION_COMMENTS = YES;
				CLANG_WARN_EMPTY_BODY = YES;
				CLANG_WARN_ENUM_CONVERSION = YES;
				CLANG_WARN_INFINITE_RECURSION = YES;
				CLANG_WARN_INT_CONVERSION = YES;
				CLANG_WARN_NON_LITERAL_NULL_CONVERSION = YES;
				CLANG_WARN_OBJC_IMPLICIT_RETAIN_SELF = YES;
				CLANG_WARN_OBJC_LITERAL_CONVERSION = YES;
				CLANG_WARN_OBJC_ROOT_CLASS = YES_ERROR;
				CLANG_WARN_QUOTED_INCLUDE_IN_FRAMEWORK_HEADER = YES;
				CLANG_WARN_RANGE_LOOP_ANALYSIS = YES;
				CLANG_WARN_STRICT_PROTOTYPES = YES;
				CLANG_WARN_SUSPICIOUS_MOVE = YES;
				CLANG_WARN_UNGUARDED_AVAILABILITY = YES_AGGRESSIVE;
				CLANG_WARN_UNREACHABLE_CODE = YES;
				CLANG_WARN__DUPLICATE_METHOD_MATCH = YES;
				COPY_PHASE_STRIP = NO;
				DEBUG_INFORMATION_FORMAT = "dwarf-with-dsym";
				ENABLE_NS_ASSERTIONS = NO;
				ENABLE_STRICT_OBJC_MSGSEND = YES;
				GCC_C_LANGUAGE_STANDARD = gnu11;
				GCC_NO_COMMON_BLOCKS = YES;
				GCC_WARN_64_TO_32_BIT_CONVERSION = YES;
				GCC_WARN_ABOUT_RETURN_TYPE = YES_ERROR;
				GCC_WARN_UNDECLARED_SELECTOR = YES;
				GCC_WARN_UNINITIALIZED_AUTOS = YES_AGGRESSIVE;
				GCC_WARN_UNUSED_FUNCTION = YES;
				GCC_WARN_UNUSED_VARIABLE = YES;
				IPHONEOS_DEPLOYMENT_TARGET = 14.2;
				MTL_ENABLE_DEBUG_INFO = NO;
				MTL_FAST_MATH = YES;
				SDKROOT = iphoneos;
				SWIFT_COMPILATION_MODE = wholemodule;
				SWIFT_OPTIMIZATION_LEVEL = "-O";
				VALIDATE_PRODUCT = YES;
			};
			name = Release;
		};
		FB8AC65F25878433009EA3DF /* Debug */ = {
			isa = XCBuildConfiguration;
			baseConfigurationReference = 537F4BFC57A2FE5E483C1D71 /* Pods-SwiftUIKitExample.debug.xcconfig */;
			buildSettings = {
				ASSETCATALOG_COMPILER_APPICON_NAME = AppIcon;
				ASSETCATALOG_COMPILER_GLOBAL_ACCENT_COLOR_NAME = AccentColor;
				CODE_SIGN_STYLE = Automatic;
				INFOPLIST_FILE = SwiftUIKitExample/Info.plist;
				LD_RUNPATH_SEARCH_PATHS = (
					"$(inherited)",
					"@executable_path/Frameworks",
				);
				PRODUCT_BUNDLE_IDENTIFIER = com.azonov.SwiftUIKitExample;
				PRODUCT_NAME = "$(TARGET_NAME)";
				SWIFT_VERSION = 5.0;
				TARGETED_DEVICE_FAMILY = "1,2";
			};
			name = Debug;
		};
		FB8AC66025878433009EA3DF /* Release */ = {
			isa = XCBuildConfiguration;
			baseConfigurationReference = 6ED9A681B08C4BCD57D86F6B /* Pods-SwiftUIKitExample.release.xcconfig */;
			buildSettings = {
				ASSETCATALOG_COMPILER_APPICON_NAME = AppIcon;
				ASSETCATALOG_COMPILER_GLOBAL_ACCENT_COLOR_NAME = AccentColor;
				CODE_SIGN_STYLE = Automatic;
				INFOPLIST_FILE = SwiftUIKitExample/Info.plist;
				LD_RUNPATH_SEARCH_PATHS = (
					"$(inherited)",
					"@executable_path/Frameworks",
				);
				PRODUCT_BUNDLE_IDENTIFIER = com.azonov.SwiftUIKitExample;
				PRODUCT_NAME = "$(TARGET_NAME)";
				SWIFT_VERSION = 5.0;
				TARGETED_DEVICE_FAMILY = "1,2";
			};
			name = Release;
		};
/* End XCBuildConfiguration section */

/* Begin XCConfigurationList section */
		FB8AC64525878433009EA3DF /* Build configuration list for PBXProject "SwiftUIKitExample" */ = {
			isa = XCConfigurationList;
			buildConfigurations = (
				FB8AC65C25878433009EA3DF /* Debug */,
				FB8AC65D25878433009EA3DF /* Release */,
			);
			defaultConfigurationIsVisible = 0;
			defaultConfigurationName = Release;
		};
		FB8AC65E25878433009EA3DF /* Build configuration list for PBXNativeTarget "SwiftUIKitExample" */ = {
			isa = XCConfigurationList;
			buildConfigurations = (
				FB8AC65F25878433009EA3DF /* Debug */,
				FB8AC66025878433009EA3DF /* Release */,
			);
			defaultConfigurationIsVisible = 0;
			defaultConfigurationName = Release;
		};
/* End XCConfigurationList section */
	};
	rootObject = FB8AC64225878433009EA3DF /* Project object */;
}
